
Microsoft Visual Studio Solution File, Format Version 12.00
# Visual Studio Version 16
VisualStudioVersion = 16.0.30320.27
MinimumVisualStudioVersion = 10.0.40219.1
Project("{8BC9CEB8-8B4A-11D0-8D11-00A0C91BC942}") = "m3c", "m3c\msvc\m3c\m3c.vcxproj", "{823B4768-A89C-47C2-A51F-68180D4B752B}"
EndProject
Project("{8BC9CEB8-8B4A-11D0-8D11-00A0C91BC942}") = "m3c_Test", "m3c\msvc\m3c_Test\m3c_Test.vcxproj", "{A7A9F4C3-5BE7-4E08-BC4D-9429E6BD0D16}"
EndProject
Project("{8BC9CEB8-8B4A-11D0-8D11-00A0C91BC942}") = "googletest", "msvc-common\googletest\googletest.vcxproj", "{79D754C6-014A-4882-8CD8-EE7A45E0C9D9}"
EndProject
Project("{8BC9CEB8-8B4A-11D0-8D11-00A0C91BC942}") = "m4t", "m4t\msvc\m4t\m4t.vcxproj", "{E7B1E039-16AC-49ED-8FFC-7877ECBB939A}"
EndProject
Project("{8BC9CEB8-8B4A-11D0-8D11-00A0C91BC942}") = "llamalog", "lib\llamalog\msvc\llamalog\llamalog.vcxproj", "{661E79C3-C7C3-4C6D-8F80-F4EBAB9C412A}"
EndProject
Project("{8BC9CEB8-8B4A-11D0-8D11-00A0C91BC942}") = "llamalog_Test", "lib\llamalog\msvc\llamalog_Test\llamalog_Test.vcxproj", "{93310B90-C28F-431F-A0CC-F5627BD5545C}"
EndProject
Project("{2150E333-8FDC-42A3-9474-1A3956D46DE8}") = "ext-lib", "ext-lib", "{4FB54B00-F675-4D07-916E-0330B5F08193}"
EndProject
Project("{8BC9CEB8-8B4A-11D0-8D11-00A0C91BC942}") = "fmt", "lib\llamalog\msvc-common\fmt\fmt.vcxproj", "{B26BAF12-CE1D-4B36-A422-9E87DCC482C6}"
EndProject
Project("{8BC9CEB8-8B4A-11D0-8D11-00A0C91BC942}") = "Detours", "msvc-common\Detours\Detours.vcxproj", "{81966AD9-2949-4BEA-92D6-B74B756DC615}"
EndProject
Project("{2150E333-8FDC-42A3-9474-1A3956D46DE8}") = "lib", "lib", "{A5DA90BB-5219-4198-9A36-59798269FE5C}"
EndProject
Global
	GlobalSection(SolutionConfigurationPlatforms) = preSolution
		Debug|x64 = Debug|x64
		Debug|x86 = Debug|x86
		Release|x64 = Release|x64
		Release|x86 = Release|x86
	EndGlobalSection
	GlobalSection(ProjectConfigurationPlatforms) = postSolution
		{823B4768-A89C-47C2-A51F-68180D4B752B}.Debug|x64.ActiveCfg = Debug|x64
		{823B4768-A89C-47C2-A51F-68180D4B752B}.Debug|x64.Build.0 = Debug|x64
		{823B4768-A89C-47C2-A51F-68180D4B752B}.Debug|x86.ActiveCfg = Debug|Win32
		{823B4768-A89C-47C2-A51F-68180D4B752B}.Debug|x86.Build.0 = Debug|Win32
		{823B4768-A89C-47C2-A51F-68180D4B752B}.Release|x64.ActiveCfg = Release|x64
		{823B4768-A89C-47C2-A51F-68180D4B752B}.Release|x64.Build.0 = Release|x64
		{823B4768-A89C-47C2-A51F-68180D4B752B}.Release|x86.ActiveCfg = Release|Win32
		{823B4768-A89C-47C2-A51F-68180D4B752B}.Release|x86.Build.0 = Release|Win32
		{A7A9F4C3-5BE7-4E08-BC4D-9429E6BD0D16}.Debug|x64.ActiveCfg = Debug|x64
		{A7A9F4C3-5BE7-4E08-BC4D-9429E6BD0D16}.Debug|x64.Build.0 = Debug|x64
		{A7A9F4C3-5BE7-4E08-BC4D-9429E6BD0D16}.Debug|x86.ActiveCfg = Debug|Win32
		{A7A9F4C3-5BE7-4E08-BC4D-9429E6BD0D16}.Debug|x86.Build.0 = Debug|Win32
		{A7A9F4C3-5BE7-4E08-BC4D-9429E6BD0D16}.Release|x64.ActiveCfg = Release|x64
		{A7A9F4C3-5BE7-4E08-BC4D-9429E6BD0D16}.Release|x64.Build.0 = Release|x64
		{A7A9F4C3-5BE7-4E08-BC4D-9429E6BD0D16}.Release|x86.ActiveCfg = Release|Win32
		{A7A9F4C3-5BE7-4E08-BC4D-9429E6BD0D16}.Release|x86.Build.0 = Release|Win32
		{79D754C6-014A-4882-8CD8-EE7A45E0C9D9}.Debug|x64.ActiveCfg = Debug|x64
		{79D754C6-014A-4882-8CD8-EE7A45E0C9D9}.Debug|x64.Build.0 = Debug|x64
		{79D754C6-014A-4882-8CD8-EE7A45E0C9D9}.Debug|x86.ActiveCfg = Debug|Win32
		{79D754C6-014A-4882-8CD8-EE7A45E0C9D9}.Debug|x86.Build.0 = Debug|Win32
		{79D754C6-014A-4882-8CD8-EE7A45E0C9D9}.Release|x64.ActiveCfg = Release|x64
		{79D754C6-014A-4882-8CD8-EE7A45E0C9D9}.Release|x64.Build.0 = Release|x64
		{79D754C6-014A-4882-8CD8-EE7A45E0C9D9}.Release|x86.ActiveCfg = Release|Win32
		{79D754C6-014A-4882-8CD8-EE7A45E0C9D9}.Release|x86.Build.0 = Release|Win32
		{E7B1E039-16AC-49ED-8FFC-7877ECBB939A}.Debug|x64.ActiveCfg = Debug|x64
		{E7B1E039-16AC-49ED-8FFC-7877ECBB939A}.Debug|x64.Build.0 = Debug|x64
		{E7B1E039-16AC-49ED-8FFC-7877ECBB939A}.Debug|x86.ActiveCfg = Debug|Win32
		{E7B1E039-16AC-49ED-8FFC-7877ECBB939A}.Debug|x86.Build.0 = Debug|Win32
		{E7B1E039-16AC-49ED-8FFC-7877ECBB939A}.Release|x64.ActiveCfg = Release|x64
		{E7B1E039-16AC-49ED-8FFC-7877ECBB939A}.Release|x64.Build.0 = Release|x64
		{E7B1E039-16AC-49ED-8FFC-7877ECBB939A}.Release|x86.ActiveCfg = Release|Win32
		{E7B1E039-16AC-49ED-8FFC-7877ECBB939A}.Release|x86.Build.0 = Release|Win32
		{661E79C3-C7C3-4C6D-8F80-F4EBAB9C412A}.Debug|x64.ActiveCfg = Debug|x64
		{661E79C3-C7C3-4C6D-8F80-F4EBAB9C412A}.Debug|x64.Build.0 = Debug|x64
		{661E79C3-C7C3-4C6D-8F80-F4EBAB9C412A}.Debug|x86.ActiveCfg = Debug|Win32
		{661E79C3-C7C3-4C6D-8F80-F4EBAB9C412A}.Debug|x86.Build.0 = Debug|Win32
		{661E79C3-C7C3-4C6D-8F80-F4EBAB9C412A}.Release|x64.ActiveCfg = Release|x64
		{661E79C3-C7C3-4C6D-8F80-F4EBAB9C412A}.Release|x64.Build.0 = Release|x64
		{661E79C3-C7C3-4C6D-8F80-F4EBAB9C412A}.Release|x86.ActiveCfg = Release|Win32
		{661E79C3-C7C3-4C6D-8F80-F4EBAB9C412A}.Release|x86.Build.0 = Release|Win32
		{93310B90-C28F-431F-A0CC-F5627BD5545C}.Debug|x64.ActiveCfg = Debug|x64
		{93310B90-C28F-431F-A0CC-F5627BD5545C}.Debug|x64.Build.0 = Debug|x64
		{93310B90-C28F-431F-A0CC-F5627BD5545C}.Debug|x86.ActiveCfg = Debug|Win32
		{93310B90-C28F-431F-A0CC-F5627BD5545C}.Debug|x86.Build.0 = Debug|Win32
		{93310B90-C28F-431F-A0CC-F5627BD5545C}.Release|x64.ActiveCfg = Release|x64
		{93310B90-C28F-431F-A0CC-F5627BD5545C}.Release|x64.Build.0 = Release|x64
		{93310B90-C28F-431F-A0CC-F5627BD5545C}.Release|x86.ActiveCfg = Release|Win32
		{93310B90-C28F-431F-A0CC-F5627BD5545C}.Release|x86.Build.0 = Release|Win32
		{B26BAF12-CE1D-4B36-A422-9E87DCC482C6}.Debug|x64.ActiveCfg = Debug|x64
		{B26BAF12-CE1D-4B36-A422-9E87DCC482C6}.Debug|x64.Build.0 = Debug|x64
		{B26BAF12-CE1D-4B36-A422-9E87DCC482C6}.Debug|x86.ActiveCfg = Debug|Win32
		{B26BAF12-CE1D-4B36-A422-9E87DCC482C6}.Debug|x86.Build.0 = Debug|Win32
		{B26BAF12-CE1D-4B36-A422-9E87DCC482C6}.Release|x64.ActiveCfg = Release|x64
		{B26BAF12-CE1D-4B36-A422-9E87DCC482C6}.Release|x64.Build.0 = Release|x64
		{B26BAF12-CE1D-4B36-A422-9E87DCC482C6}.Release|x86.ActiveCfg = Release|Win32
		{B26BAF12-CE1D-4B36-A422-9E87DCC482C6}.Release|x86.Build.0 = Release|Win32
		{81966AD9-2949-4BEA-92D6-B74B756DC615}.Debug|x64.ActiveCfg = Debug|x64
		{81966AD9-2949-4BEA-92D6-B74B756DC615}.Debug|x64.Build.0 = Debug|x64
		{81966AD9-2949-4BEA-92D6-B74B756DC615}.Debug|x86.ActiveCfg = Debug|Win32
		{81966AD9-2949-4BEA-92D6-B74B756DC615}.Debug|x86.Build.0 = Debug|Win32
		{81966AD9-2949-4BEA-92D6-B74B756DC615}.Release|x64.ActiveCfg = Release|x64
		{81966AD9-2949-4BEA-92D6-B74B756DC615}.Release|x64.Build.0 = Release|x64
		{81966AD9-2949-4BEA-92D6-B74B756DC615}.Release|x86.ActiveCfg = Release|Win32
		{81966AD9-2949-4BEA-92D6-B74B756DC615}.Release|x86.Build.0 = Release|Win32
	EndGlobalSection
	GlobalSection(SolutionProperties) = preSolution
		HideSolutionNode = FALSE
	EndGlobalSection
	GlobalSection(NestedProjects) = preSolution
		{79D754C6-014A-4882-8CD8-EE7A45E0C9D9} = {4FB54B00-F675-4D07-916E-0330B5F08193}
		{661E79C3-C7C3-4C6D-8F80-F4EBAB9C412A} = {A5DA90BB-5219-4198-9A36-59798269FE5C}
		{93310B90-C28F-431F-A0CC-F5627BD5545C} = {A5DA90BB-5219-4198-9A36-59798269FE5C}
		{B26BAF12-CE1D-4B36-A422-9E87DCC482C6} = {4FB54B00-F675-4D07-916E-0330B5F08193}
		{81966AD9-2949-4BEA-92D6-B74B756DC615} = {4FB54B00-F675-4D07-916E-0330B5F08193}
	EndGlobalSection
	GlobalSection(ExtensibilityGlobals) = postSolution
		SolutionGuid = {BB786244-6963-4F35-A79A-E93F2F9E99E4}
	EndGlobalSection
EndGlobal
